
Microsoft Visual Studio Solution File, Format Version 12.00
# Visual Studio Version 16
VisualStudioVersion = 16.0.810.10
MinimumVisualStudioVersion = 10.0.40219.1
Project("{FAE04EC0-301F-11D3-BF4B-00C04F79EFBC}") = "ApiProgrammingTest", "ApiProgrammingTest\ApiProgrammingTest.csproj", "{FBA751BA-379C-4420-9359-71F608546971}"
EndProject
Global
	GlobalSection(SolutionConfigurationPlatforms) = preSolution
		Debug|Any CPU = Debug|Any CPU
		Release|Any CPU = Release|Any CPU
	EndGlobalSection
	GlobalSection(ProjectConfigurationPlatforms) = postSolution
		{FBA751BA-379C-4420-9359-71F608546971}.Debug|Any CPU.ActiveCfg = Debug|Any CPU
		{FBA751BA-379C-4420-9359-71F608546971}.Debug|Any CPU.Build.0 = Debug|Any CPU
		{FBA751BA-379C-4420-9359-71F608546971}.Release|Any CPU.ActiveCfg = Release|Any CPU
		{FBA751BA-379C-4420-9359-71F608546971}.Release|Any CPU.Build.0 = Release|Any CPU
	EndGlobalSection
	GlobalSection(SolutionProperties) = preSolution
		HideSolutionNode = FALSE
	EndGlobalSection
	GlobalSection(ExtensibilityGlobals) = postSolution
		SolutionGuid = {DCC66B5B-A52F-4B3B-85AE-E972C3611BEA}
	EndGlobalSection
EndGlobal
